github.com/apache/thrift v0.17.0 h1:cMd2aj52n+8VoAtvSvLn4kDC3aZ6IAkBuqWQ2IDu7wo=
github.com/apache/thrift v0.17.0/go.mod h1:OLxhMRJxomX+1I/KUw03qoV3mMz16BwaKI+d4fPBx7Q=
github.com/donnie4w/dom4g v0.0.0-20161128195229-fc6d4f1a3116 h1:9mjV8gVXv6ist3mcI9PHSyz1gbLrz5fILUpQXPTKZo0=
github.com/donnie4w/dom4g v0.0.0-20161128195229-fc6d4f1a3116/go.mod h1:U75amtm/v1KFYxQXQlzbmWic+fHabP/o8Mgac1DiZbc=
github.com/donnie4w/gdao v0.0.0-20171119195027-08940c89571a h1:ps6uhttzM+7DvFwe1iSOR2Dv/GscH0J2BuOnEoUrMKQ=
github.com/donnie4w/gdao v0.0.0-20171119195027-08940c89571a/go.mod h1:JGaaklpLSOEva79hyqdQSJdFaq3dgW4VNytIPAGvRhg=
github.com/donnie4w/go-logger v0.0.0-20170827050443-4740c51383f4 h1:T9PR91sjTtrA1HmZB4G+M7OLCelch0f6rIEY7Mm1T4U=
github.com/donnie4w/go-logger v0.0.0-20170827050443-4740c51383f4/go.mod h1:L7S4x0R7vv3xoOhGuyAJyCO2MYzWOpccM4Isn8jIUgY=
github.com/donnie4w/simplelog v0.0.0-20230210080929-accaa0195aad h1:v757f6hY5JagHijogLdT/gaI6dYz4HlxTu2+I+tcTnY=
github.com/donnie4w/simplelog v0.0.0-20230210080929-accaa0195aad/go.mod h1:UNoDOR7K08td8Lgvxb46ViOoFPcbFqt0Fi3bkC8fKx4=
github.com/garyburd/redigo v1.6.4 h1:LFu2R3+ZOPgSMWMOL+saa/zXRjw0ID2G8FepO53BGlg=
github.com/garyburd/redigo v1.6.4/go.mod h1:rTb6epsqigu3kYKBnaF028A7Tf/Aw5s0cqA47doKKqw=
github.com/go-sql-driver/mysql v1.7.0 h1:ueSltNNllEqE3qcWBTD0iQd3IpL/6U+mJxLkazJ7YPc=
github.com/go-sql-driver/mysql v1.7.0/go.mod h1:OXbVy3sEdcQ2Doequ6Z5BW6fXNQTmx+9S1MCJN5yJMI=
